
Microsoft Visual Studio Solution File, Format Version 12.00
# Visual Studio Version 16
VisualStudioVersion = 16.0.29001.49
MinimumVisualStudioVersion = 10.0.40219.1
Project("{FAE04EC0-301F-11D3-BF4B-00C04F79EFBC}") = "SteelQuiz", "SteelQuiz\SteelQuiz.csproj", "{40467036-2CFE-4C10-A190-426D3544496A}"
EndProject
Project("{FAE04EC0-301F-11D3-BF4B-00C04F79EFBC}") = "SteelQuizTests", "SteelQuizTests\SteelQuizTests.csproj", "{4F25C6D1-98D6-4750-9238-B9AFD82924F7}"
EndProject
Project("{FAE04EC0-301F-11D3-BF4B-00C04F79EFBC}") = "SteelQuizDeploy", "SteelQuizDeploy\SteelQuizDeploy.csproj", "{F49C47E0-C8AB-4570-83F0-A66B7B0EFDE9}"
EndProject
Global
	GlobalSection(SolutionConfigurationPlatforms) = preSolution
		Debug|Any CPU = Debug|Any CPU
		Release|Any CPU = Release|Any CPU
	EndGlobalSection
	GlobalSection(ProjectConfigurationPlatforms) = postSolution
		{40467036-2CFE-4C10-A190-426D3544496A}.Debug|Any CPU.ActiveCfg = Debug|Any CPU
		{40467036-2CFE-4C10-A190-426D3544496A}.Debug|Any CPU.Build.0 = Debug|Any CPU
		{40467036-2CFE-4C10-A190-426D3544496A}.Release|Any CPU.ActiveCfg = Release|Any CPU
		{40467036-2CFE-4C10-A190-426D3544496A}.Release|Any CPU.Build.0 = Release|Any CPU
		{4F25C6D1-98D6-4750-9238-B9AFD82924F7}.Debug|Any CPU.ActiveCfg = Debug|Any CPU
		{4F25C6D1-98D6-4750-9238-B9AFD82924F7}.Debug|Any CPU.Build.0 = Debug|Any CPU
		{4F25C6D1-98D6-4750-9238-B9AFD82924F7}.Release|Any CPU.ActiveCfg = Release|Any CPU
		{4F25C6D1-98D6-4750-9238-B9AFD82924F7}.Release|Any CPU.Build.0 = Release|Any CPU
		{F49C47E0-C8AB-4570-83F0-A66B7B0EFDE9}.Debug|Any CPU.ActiveCfg = Debug|Any CPU
		{F49C47E0-C8AB-4570-83F0-A66B7B0EFDE9}.Debug|Any CPU.Build.0 = Debug|Any CPU
		{F49C47E0-C8AB-4570-83F0-A66B7B0EFDE9}.Release|Any CPU.ActiveCfg = Release|Any CPU
		{F49C47E0-C8AB-4570-83F0-A66B7B0EFDE9}.Release|Any CPU.Build.0 = Release|Any CPU
	EndGlobalSection
	GlobalSection(SolutionProperties) = preSolution
		HideSolutionNode = FALSE
	EndGlobalSection
	GlobalSection(ExtensibilityGlobals) = postSolution
		SolutionGuid = {DEACABA8-DDE1-4C82-B61C-DA199F762558}
	EndGlobalSection
EndGlobal
